// !$*UTF8*$!
{
	archiveVersion = 1;
	classes = {
	};
	objectVersion = 50;
	objects = {

/* Begin PBXBuildFile section */
		2B216F2621A827B500AE80D6 /* Localization.swift in Sources */ = {isa = PBXBuildFile; fileRef = 2B216F2521A827B500AE80D6 /* Localization.swift */; };
		2B216F2B21A8289700AE80D6 /* Localizable.strings in Resources */ = {isa = PBXBuildFile; fileRef = 2B216F2D21A8289700AE80D6 /* Localizable.strings */; };
		2B3B5CE821A691AA004073BA /* AppDelegate.swift in Sources */ = {isa = PBXBuildFile; fileRef = 2B3B5CE721A691AA004073BA /* AppDelegate.swift */; };
		2B3B5CEA21A691AA004073BA /* ViewController.swift in Sources */ = {isa = PBXBuildFile; fileRef = 2B3B5CE921A691AA004073BA /* ViewController.swift */; };
		2B3B5CED21A691AA004073BA /* Main.storyboard in Resources */ = {isa = PBXBuildFile; fileRef = 2B3B5CEB21A691AA004073BA /* Main.storyboard */; };
		2B3B5CEF21A691CF004073BA /* Assets.xcassets in Resources */ = {isa = PBXBuildFile; fileRef = 2B3B5CEE21A691CF004073BA /* Assets.xcassets */; };
		2B3B5CF221A691CF004073BA /* LaunchScreen.storyboard in Resources */ = {isa = PBXBuildFile; fileRef = 2B3B5CF021A691CF004073BA /* LaunchScreen.storyboard */; };
		2B3B5CFA21A691ED004073BA /* AppExtension.swift in Sources */ = {isa = PBXBuildFile; fileRef = 2B3B5CF921A691ED004073BA /* AppExtension.swift */; };
		2B3B5CFC21A693BF004073BA /* ScrollViewExtension.swift in Sources */ = {isa = PBXBuildFile; fileRef = 2B3B5CFB21A693BF004073BA /* ScrollViewExtension.swift */; };
		2B3B5CFE21A69482004073BA /* UIView.swift in Sources */ = {isa = PBXBuildFile; fileRef = 2B3B5CFD21A69482004073BA /* UIView.swift */; };
		2B3B5D0021A694F8004073BA /* UITextField.swift in Sources */ = {isa = PBXBuildFile; fileRef = 2B3B5CFF21A694F8004073BA /* UITextField.swift */; };
/* End PBXBuildFile section */

/* Begin PBXFileReference section */
		2B216F2521A827B500AE80D6 /* Localization.swift */ = {isa = PBXFileReference; lastKnownFileType = sourcecode.swift; path = Localization.swift; sourceTree = "<group>"; };
		2B216F2921A8288500AE80D6 /* es */ = {isa = PBXFileReference; lastKnownFileType = text.plist.strings; name = es; path = es.lproj/Main.strings; sourceTree = "<group>"; };
		2B216F2A21A8288500AE80D6 /* es */ = {isa = PBXFileReference; lastKnownFileType = text.plist.strings; name = es; path = es.lproj/LaunchScreen.strings; sourceTree = "<group>"; };
		2B216F2C21A8289700AE80D6 /* es */ = {isa = PBXFileReference; lastKnownFileType = text.plist.strings; name = es; path = es.lproj/Localizable.strings; sourceTree = "<group>"; };
		2B216F2E21A8289900AE80D6 /* en */ = {isa = PBXFileReference; lastKnownFileType = text.plist.strings; name = en; path = en.lproj/Localizable.strings; sourceTree = "<group>"; };
		2B3B5CE421A691AA004073BA /* AK.app */ = {isa = PBXFileReference; explicitFileType = wrapper.application; includeInIndex = 0; path = AK.app; sourceTree = BUILT_PRODUCTS_DIR; };
		2B3B5CE721A691AA004073BA /* AppDelegate.swift */ = {isa = PBXFileReference; lastKnownFileType = sourcecode.swift; path = AppDelegate.swift; sourceTree = "<group>"; };
		2B3B5CE921A691AA004073BA /* ViewController.swift */ = {isa = PBXFileReference; lastKnownFileType = sourcecode.swift; path = ViewController.swift; sourceTree = "<group>"; };
		2B3B5CEC21A691AA004073BA /* Base */ = {isa = PBXFileReference; lastKnownFileType = file.storyboard; name = Base; path = Base.lproj/Main.storyboard; sourceTree = "<group>"; };
		2B3B5CEE21A691CF004073BA /* Assets.xcassets */ = {isa = PBXFileReference; lastKnownFileType = folder.assetcatalog; path = Assets.xcassets; sourceTree = "<group>"; };
		2B3B5CF121A691CF004073BA /* Base */ = {isa = PBXFileReference; lastKnownFileType = file.storyboard; name = Base; path = Base.lproj/LaunchScreen.storyboard; sourceTree = "<group>"; };
		2B3B5CF321A691CF004073BA /* Info.plist */ = {isa = PBXFileReference; lastKnownFileType = text.plist.xml; path = Info.plist; sourceTree = "<group>"; };
		2B3B5CF921A691ED004073BA /* AppExtension.swift */ = {isa = PBXFileReference; lastKnownFileType = sourcecode.swift; path = AppExtension.swift; sourceTree = "<group>"; };
		2B3B5CFB21A693BF004073BA /* ScrollViewExtension.swift */ = {isa = PBXFileReference; lastKnownFileType = sourcecode.swift; path = ScrollViewExtension.swift; sourceTree = "<group>"; };
		2B3B5CFD21A69482004073BA /* UIView.swift */ = {isa = PBXFileReference; lastKnownFileType = sourcecode.swift; path = UIView.swift; sourceTree = "<group>"; };
		2B3B5CFF21A694F8004073BA /* UITextField.swift */ = {isa = PBXFileReference; lastKnownFileType = sourcecode.swift; path = UITextField.swift; sourceTree = "<group>"; };
/* End PBXFileReference section */

/* Begin PBXFrameworksBuildPhase section */
		2B3B5CE121A691AA004073BA /* Frameworks */ = {
			isa = PBXFrameworksBuildPhase;
			buildActionMask = 2147483647;
			files = (
			);
			runOnlyForDeploymentPostprocessing = 0;
		};
/* End PBXFrameworksBuildPhase section */

/* Begin PBXGroup section */
		2B3B5CDB21A691A9004073BA = {
			isa = PBXGroup;
			children = (
				2B3B5CE621A691AA004073BA /* AK */,
				2B3B5CE521A691AA004073BA /* Products */,
			);
			sourceTree = "<group>";
		};
		2B3B5CE521A691AA004073BA /* Products */ = {
			isa = PBXGroup;
			children = (
				2B3B5CE421A691AA004073BA /* AK.app */,
			);
			name = Products;
			sourceTree = "<group>";
		};
		2B3B5CE621A691AA004073BA /* AK */ = {
			isa = PBXGroup;
			children = (
				2B3B5CE721A691AA004073BA /* AppDelegate.swift */,
				2B3B5CE921A691AA004073BA /* ViewController.swift */,
				2B3B5CF921A691ED004073BA /* AppExtension.swift */,
				2B3B5CFB21A693BF004073BA /* ScrollViewExtension.swift */,
				2B3B5CFD21A69482004073BA /* UIView.swift */,
				2B3B5CFF21A694F8004073BA /* UITextField.swift */,
				2B216F2521A827B500AE80D6 /* Localization.swift */,
				2B3B5CEB21A691AA004073BA /* Main.storyboard */,
				2B216F2D21A8289700AE80D6 /* Localizable.strings */,
				2B3B5CEE21A691CF004073BA /* Assets.xcassets */,
				2B3B5CF021A691CF004073BA /* LaunchScreen.storyboard */,
				2B3B5CF321A691CF004073BA /* Info.plist */,
			);
			path = AK;
			sourceTree = "<group>";
		};
/* End PBXGroup section */

/* Begin PBXNativeTarget section */
		2B3B5CE321A691AA004073BA /* AK */ = {
			isa = PBXNativeTarget;
			buildConfigurationList = 2B3B5CF621A691CF004073BA /* Build configuration list for PBXNativeTarget "AK" */;
			buildPhases = (
				2B3B5CE021A691AA004073BA /* Sources */,
				2B3B5CE121A691AA004073BA /* Frameworks */,
				2B3B5CE221A691AA004073BA /* Resources */,
			);
			buildRules = (
			);
			dependencies = (
			);
			name = AK;
			productName = AK;
			productReference = 2B3B5CE421A691AA004073BA /* AK.app */;
			productType = "com.apple.product-type.application";
		};
/* End PBXNativeTarget section */

/* Begin PBXProject section */
		2B3B5CDC21A691A9004073BA /* Project object */ = {
			isa = PBXProject;
			attributes = {
				LastSwiftUpdateCheck = 1000;
				LastUpgradeCheck = 1000;
				TargetAttributes = {
					2B3B5CE321A691AA004073BA = {
						CreatedOnToolsVersion = 10.0;
					};
				};
			};
			buildConfigurationList = 2B3B5CDF21A691A9004073BA /* Build configuration list for PBXProject "AK" */;
			compatibilityVersion = "Xcode 9.3";
			developmentRegion = en;
			hasScannedForEncodings = 0;
			knownRegions = (
				en,
				Base,
			);
			mainGroup = 2B3B5CDB21A691A9004073BA;
			productRefGroup = 2B3B5CE521A691AA004073BA /* Products */;
			projectDirPath = "";
			projectRoot = "";
			targets = (
				2B3B5CE321A691AA004073BA /* AK */,
			);
		};
/* End PBXProject section */

/* Begin PBXResourcesBuildPhase section */
		2B3B5CE221A691AA004073BA /* Resources */ = {
			isa = PBXResourcesBuildPhase;
			buildActionMask = 2147483647;
			files = (
				2B3B5CF221A691CF004073BA /* LaunchScreen.storyboard in Resources */,
				2B216F2B21A8289700AE80D6 /* Localizable.strings in Resources */,
				2B3B5CEF21A691CF004073BA /* Assets.xcassets in Resources */,
				2B3B5CED21A691AA004073BA /* Main.storyboard in Resources */,
			);
			runOnlyForDeploymentPostprocessing = 0;
		};
/* End PBXResourcesBuildPhase section */

/* Begin PBXSourcesBuildPhase section */
		2B3B5CE021A691AA004073BA /* Sources */ = {
			isa = PBXSourcesBuildPhase;
			buildActionMask = 2147483647;
			files = (
				2B3B5CFA21A691ED004073BA /* AppExtension.swift in Sources */,
				2B3B5CEA21A691AA004073BA /* ViewController.swift in Sources */,
				2B216F2621A827B500AE80D6 /* Localization.swift in Sources */,
				2B3B5CFE21A69482004073BA /* UIView.swift in Sources */,
				2B3B5CE821A691AA004073BA /* AppDelegate.swift in Sources */,
				2B3B5CFC21A693BF004073BA /* ScrollViewExtension.swift in Sources */,
				2B3B5D0021A694F8004073BA /* UITextField.swift in Sources */,
			);
			runOnlyForDeploymentPostprocessing = 0;
		};
/* End PBXSourcesBuildPhase section */

/* Begin PBXVariantGroup section */
		2B216F2D21A8289700AE80D6 /* Localizable.strings */ = {
			isa = PBXVariantGroup;
			children = (
				2B216F2C21A8289700AE80D6 /* es */,
				2B216F2E21A8289900AE80D6 /* en */,
			);
			name = Localizable.strings;
			sourceTree = "<group>";
		};
		2B3B5CEB21A691AA004073BA /* Main.storyboard */ = {
			isa = PBXVariantGroup;
			children = (
				2B3B5CEC21A691AA004073BA /* Base */,
				2B216F2921A8288500AE80D6 /* es */,
			);
			name = Main.storyboard;
			sourceTree = "<group>";
		};
		2B3B5CF021A691CF004073BA /* LaunchScreen.storyboard */ = {
			isa = PBXVariantGroup;
			children = (
				2B3B5CF121A691CF004073BA /* Base */,
				2B216F2A21A8288500AE80D6 /* es */,
			);
			name = LaunchScreen.storyboard;
			sourceTree = "<group>";
		};
/* End PBXVariantGroup section */

/* Begin XCBuildConfiguration section */
		2B3B5CF421A691CF004073BA /* Debug */ = {
			isa = XCBuildConfiguration;
			buildSettings = {
				ALWAYS_SEARCH_USER_PATHS = NO;
				CLANG_ANALYZER_LOCALIZABILITY_NONLOCALIZED = YES;
				CLANG_ANALYZER_NONNULL = YES;
				CLANG_ANALYZER_NUMBER_OBJECT_CONVERSION = YES_AGGRESSIVE;
				CLANG_CXX_LANGUAGE_STANDARD = "gnu++14";
				CLANG_CXX_LIBRARY = "libc++";
				CLANG_ENABLE_MODULES = YES;
				CLANG_ENABLE_OBJC_ARC = YES;
				CLANG_ENABLE_OBJC_WEAK = YES;
				CLANG_WARN_BLOCK_CAPTURE_AUTORELEASING = YES;
				CLANG_WARN_BOOL_CONVERSION = YES;
				CLANG_WARN_COMMA = YES;
				CLANG_WARN_CONSTANT_CONVERSION = YES;
				CLANG_WARN_DEPRECATED_OBJC_IMPLEMENTATIONS = YES;
				CLANG_WARN_DIRECT_OBJC_ISA_USAGE = YES_ERROR;
				CLANG_WARN_DOCUMENTATION_COMMENTS = YES;
				CLANG_WARN_EMPTY_BODY = YES;
				CLANG_WARN_ENUM_CONVERSION = YES;
				CLANG_WARN_INFINITE_RECURSION = YES;
				CLANG_WARN_INT_CONVERSION = YES;
				CLANG_WARN_NON_LITERAL_NULL_CONVERSION = YES;
				CLANG_WARN_OBJC_IMPLICIT_RETAIN_SELF = YES;
				CLANG_WARN_OBJC_LITERAL_CONVERSION = YES;
				CLANG_WARN_OBJC_ROOT_CLASS = YES_ERROR;
				CLANG_WARN_RANGE_LOOP_ANALYSIS = YES;
				CLANG_WARN_STRICT_PROTOTYPES = YES;
				CLANG_WARN_SUSPICIOUS_MOVE = YES;
				CLANG_WARN_UNGUARDED_AVAILABILITY = YES_AGGRESSIVE;
				CLANG_WARN_UNREACHABLE_CODE = YES;
				CLANG_WARN__DUPLICATE_METHOD_MATCH = YES;
				CODE_SIGN_IDENTITY = "iPhone Developer";
				COPY_PHASE_STRIP = NO;
				DEBUG_INFORMATION_FORMAT = dwarf;
				ENABLE_STRICT_OBJC_MSGSEND = YES;
				ENABLE_TESTABILITY = YES;
				GCC_C_LANGUAGE_STANDARD = gnu11;
				GCC_DYNAMIC_NO_PIC = NO;
				GCC_NO_COMMON_BLOCKS = YES;
				GCC_OPTIMIZATION_LEVEL = 0;
				GCC_PREPROCESSOR_DEFINITIONS = (
					"DEBUG=1",
					"$(inherited)",
				);
				GCC_WARN_64_TO_32_BIT_CONVERSION = YES;
				GCC_WARN_ABOUT_RETURN_TYPE = YES_ERROR;
				GCC_WARN_UNDECLARED_SELECTOR = YES;
				GCC_WARN_UNINITIALIZED_AUTOS = YES_AGGRESSIVE;
				GCC_WARN_UNUSED_FUNCTION = YES;
				GCC_WARN_UNUSED_VARIABLE = YES;
				IPHONEOS_DEPLOYMENT_TARGET = 12.0;
				MTL_ENABLE_DEBUG_INFO = INCLUDE_SOURCE;
				MTL_FAST_MATH = YES;
				ONLY_ACTIVE_ARCH = YES;
				SDKROOT = iphoneos;
				SWIFT_ACTIVE_COMPILATION_CONDITIONS = DEBUG;
				SWIFT_OPTIMIZATION_LEVEL = "-Onone";
			};
			name = Debug;
		};
		2B3B5CF521A691CF004073BA /* Release */ = {
			isa = XCBuildConfiguration;
			buildSettings = {
				ALWAYS_SEARCH_USER_PATHS = NO;
				CLANG_ANALYZER_LOCALIZABILITY_NONLOCALIZED = YES;
				CLANG_ANALYZER_NONNULL = YES;
				CLANG_ANALYZER_NUMBER_OBJECT_CONVERSION = YES_AGGRESSIVE;
				CLANG_CXX_LANGUAGE_STANDARD = "gnu++14";
				CLANG_CXX_LIBRARY = "libc++";
				CLANG_ENABLE_MODULES = YES;
				CLANG_ENABLE_OBJC_ARC = YES;
				CLANG_ENABLE_OBJC_WEAK = YES;
				CLANG_WARN_BLOCK_CAPTURE_AUTORELEASING = YES;
				CLANG_WARN_BOOL_CONVERSION = YES;
				CLANG_WARN_COMMA = YES;
				CLANG_WARN_CONSTANT_CONVERSION = YES;
				CLANG_WARN_DEPRECATED_OBJC_IMPLEMENTATIONS = YES;
				CLANG_WARN_DIRECT_OBJC_ISA_USAGE = YES_ERROR;
				CLANG_WARN_DOCUMENTATION_COMMENTS = YES;
				CLANG_WARN_EMPTY_BODY = YES;
				CLANG_WARN_ENUM_CONVERSION = YES;
				CLANG_WARN_INFINITE_RECURSION = YES;
				CLANG_WARN_INT_CONVERSION = YES;
				CLANG_WARN_NON_LITERAL_NULL_CONVERSION = YES;
				CLANG_WARN_OBJC_IMPLICIT_RETAIN_SELF = YES;
				CLANG_WARN_OBJC_LITERAL_CONVERSION = YES;
				CLANG_WARN_OBJC_ROOT_CLASS = YES_ERROR;
				CLANG_WARN_RANGE_LOOP_ANALYSIS = YES;
				CLANG_WARN_STRICT_PROTOTYPES = YES;
				CLANG_WARN_SUSPICIOUS_MOVE = YES;
				CLANG_WARN_UNGUARDED_AVAILABILITY = YES_AGGRESSIVE;
				CLANG_WARN_UNREACHABLE_CODE = YES;
				CLANG_WARN__DUPLICATE_METHOD_MATCH = YES;
				CODE_SIGN_IDENTITY = "iPhone Developer";
				COPY_PHASE_STRIP = NO;
				DEBUG_INFORMATION_FORMAT = "dwarf-with-dsym";
				ENABLE_NS_ASSERTIONS = NO;
				ENABLE_STRICT_OBJC_MSGSEND = YES;
				GCC_C_LANGUAGE_STANDARD = gnu11;
				GCC_NO_COMMON_BLOCKS = YES;
				GCC_WARN_64_TO_32_BIT_CONVERSION = YES;
				GCC_WARN_ABOUT_RETURN_TYPE = YES_ERROR;
				GCC_WARN_UNDECLARED_SELECTOR = YES;
				GCC_WARN_UNINITIALIZED_AUTOS = YES_AGGRESSIVE;
				GCC_WARN_UNUSED_FUNCTION = YES;
				GCC_WARN_UNUSED_VARIABLE = YES;
				IPHONEOS_DEPLOYMENT_TARGET = 12.0;
				MTL_ENABLE_DEBUG_INFO = NO;
				MTL_FAST_MATH = YES;
				SDKROOT = iphoneos;
				SWIFT_COMPILATION_MODE = wholemodule;
				SWIFT_OPTIMIZATION_LEVEL = "-O";
				VALIDATE_PRODUCT = YES;
			};
			name = Release;
		};
		2B3B5CF721A691CF004073BA /* Debug */ = {
			isa = XCBuildConfiguration;
			buildSettings = {
				ASSETCATALOG_COMPILER_APPICON_NAME = AppIcon;
				CODE_SIGN_STYLE = Automatic;
				INFOPLIST_FILE = AK/Info.plist;
				LD_RUNPATH_SEARCH_PATHS = (
					"$(inherited)",
					"@executable_path/Frameworks",
				);
				PRODUCT_BUNDLE_IDENTIFIER = com.AK;
				PRODUCT_NAME = "$(TARGET_NAME)";
				SWIFT_VERSION = 4.2;
				TARGETED_DEVICE_FAMILY = "1,2";
			};
			name = Debug;
		};
		2B3B5CF821A691CF004073BA /* Release */ = {
			isa = XCBuildConfiguration;
			buildSettings = {
				ASSETCATALOG_COMPILER_APPICON_NAME = AppIcon;
				CODE_SIGN_STYLE = Automatic;
				INFOPLIST_FILE = AK/Info.plist;
				LD_RUNPATH_SEARCH_PATHS = (
					"$(inherited)",
					"@executable_path/Frameworks",
				);
				PRODUCT_BUNDLE_IDENTIFIER = com.AK;
				PRODUCT_NAME = "$(TARGET_NAME)";
				SWIFT_VERSION = 4.2;
				TARGETED_DEVICE_FAMILY = "1,2";
			};
			name = Release;
		};
/* End XCBuildConfiguration section */

/* Begin XCConfigurationList section */
		2B3B5CDF21A691A9004073BA /* Build configuration list for PBXProject "AK" */ = {
			isa = XCConfigurationList;
			buildConfigurations = (
				2B3B5CF421A691CF004073BA /* Debug */,
				2B3B5CF521A691CF004073BA /* Release */,
			);
			defaultConfigurationIsVisible = 0;
			defaultConfigurationName = Release;
		};
		2B3B5CF621A691CF004073BA /* Build configuration list for PBXNativeTarget "AK" */ = {
			isa = XCConfigurationList;
			buildConfigurations = (
				2B3B5CF721A691CF004073BA /* Debug */,
				2B3B5CF821A691CF004073BA /* Release */,
			);
			defaultConfigurationIsVisible = 0;
			defaultConfigurationName = Release;
		};
/* End XCConfigurationList section */
	};
	rootObject = 2B3B5CDC21A691A9004073BA /* Project object */;
}
